
Microsoft Visual Studio Solution File, Format Version 12.00
# Visual Studio Version 16
VisualStudioVersion = 16.0.30114.105
MinimumVisualStudioVersion = 10.0.40219.1
Project("{FAE04EC0-301F-11D3-BF4B-00C04F79EFBC}") = "Example.Elasticsearch.Api", "Example.Elasticsearch.Api\Example.Elasticsearch.Api.csproj", "{927720D7-329A-4091-93CD-DB004A3F5BCB}"
EndProject
Global
	GlobalSection(SolutionConfigurationPlatforms) = preSolution
		Debug|Any CPU = Debug|Any CPU
		Release|Any CPU = Release|Any CPU
	EndGlobalSection
	GlobalSection(ProjectConfigurationPlatforms) = postSolution
		{927720D7-329A-4091-93CD-DB004A3F5BCB}.Debug|Any CPU.ActiveCfg = Debug|Any CPU
		{927720D7-329A-4091-93CD-DB004A3F5BCB}.Debug|Any CPU.Build.0 = Debug|Any CPU
		{927720D7-329A-4091-93CD-DB004A3F5BCB}.Release|Any CPU.ActiveCfg = Release|Any CPU
		{927720D7-329A-4091-93CD-DB004A3F5BCB}.Release|Any CPU.Build.0 = Release|Any CPU
	EndGlobalSection
	GlobalSection(SolutionProperties) = preSolution
		HideSolutionNode = FALSE
	EndGlobalSection
	GlobalSection(ExtensibilityGlobals) = postSolution
		SolutionGuid = {F7BB5D21-067B-4906-A659-F22A92E4E56D}
	EndGlobalSection
EndGlobal
